
Microsoft Visual Studio Solution File, Format Version 12.00
# Visual Studio Version 17
VisualStudioVersion = 17.5.33424.131
MinimumVisualStudioVersion = 10.0.40219.1
Project("{FAE04EC0-301F-11D3-BF4B-00C04F79EFBC}") = "AspNetMvcBlog", "AspNetMvcBlog\AspNetMvcBlog.csproj", "{4392C2EC-EC72-44E7-9E57-BE063D0FA797}"
EndProject
Global
	GlobalSection(SolutionConfigurationPlatforms) = preSolution
		Debug|Any CPU = Debug|Any CPU
		Release|Any CPU = Release|Any CPU
	EndGlobalSection
	GlobalSection(ProjectConfigurationPlatforms) = postSolution
		{4392C2EC-EC72-44E7-9E57-BE063D0FA797}.Debug|Any CPU.ActiveCfg = Debug|Any CPU
		{4392C2EC-EC72-44E7-9E57-BE063D0FA797}.Debug|Any CPU.Build.0 = Debug|Any CPU
		{4392C2EC-EC72-44E7-9E57-BE063D0FA797}.Release|Any CPU.ActiveCfg = Release|Any CPU
		{4392C2EC-EC72-44E7-9E57-BE063D0FA797}.Release|Any CPU.Build.0 = Release|Any CPU
	EndGlobalSection
	GlobalSection(SolutionProperties) = preSolution
		HideSolutionNode = FALSE
	EndGlobalSection
	GlobalSection(ExtensibilityGlobals) = postSolution
		SolutionGuid = {8888F1BA-3353-4292-B52A-78B819E62C3D}
	EndGlobalSection
EndGlobal
